
Microsoft Visual Studio Solution File, Format Version 12.00
# Visual Studio Version 17
VisualStudioVersion = 17.4.33205.214
MinimumVisualStudioVersion = 10.0.40219.1
Project("{9A19103F-16F7-4668-BE54-9A1E7A4F7556}") = "TraversalCoreProject", "TraversalCoreProject\TraversalCoreProject.csproj", "{0B835EA2-19D0-4C24-9D86-846BC4036B45}"
EndProject
Project("{9A19103F-16F7-4668-BE54-9A1E7A4F7556}") = "EntityLayer", "EntityLayer\EntityLayer.csproj", "{4EAC2792-EDBB-4FEB-9EE0-81C119B499FA}"
EndProject
Project("{9A19103F-16F7-4668-BE54-9A1E7A4F7556}") = "DataAccessLayer", "DataAccessLayer\DataAccessLayer.csproj", "{75D63C03-3583-4C8C-B8FE-EC73075AA2F5}"
EndProject
Project("{9A19103F-16F7-4668-BE54-9A1E7A4F7556}") = "BusinessLayer", "BusinessLayer\BusinessLayer.csproj", "{7DA08BB8-EB5B-402F-919F-314B1D11AAA7}"
EndProject
Global
	GlobalSection(SolutionConfigurationPlatforms) = preSolution
		Debug|Any CPU = Debug|Any CPU
		Release|Any CPU = Release|Any CPU
	EndGlobalSection
	GlobalSection(ProjectConfigurationPlatforms) = postSolution
		{0B835EA2-19D0-4C24-9D86-846BC4036B45}.Debug|Any CPU.ActiveCfg = Debug|Any CPU
		{0B835EA2-19D0-4C24-9D86-846BC4036B45}.Debug|Any CPU.Build.0 = Debug|Any CPU
		{0B835EA2-19D0-4C24-9D86-846BC4036B45}.Release|Any CPU.ActiveCfg = Release|Any CPU
		{0B835EA2-19D0-4C24-9D86-846BC4036B45}.Release|Any CPU.Build.0 = Release|Any CPU
		{4EAC2792-EDBB-4FEB-9EE0-81C119B499FA}.Debug|Any CPU.ActiveCfg = Debug|Any CPU
		{4EAC2792-EDBB-4FEB-9EE0-81C119B499FA}.Debug|Any CPU.Build.0 = Debug|Any CPU
		{4EAC2792-EDBB-4FEB-9EE0-81C119B499FA}.Release|Any CPU.ActiveCfg = Release|Any CPU
		{4EAC2792-EDBB-4FEB-9EE0-81C119B499FA}.Release|Any CPU.Build.0 = Release|Any CPU
		{75D63C03-3583-4C8C-B8FE-EC73075AA2F5}.Debug|Any CPU.ActiveCfg = Debug|Any CPU
		{75D63C03-3583-4C8C-B8FE-EC73075AA2F5}.Debug|Any CPU.Build.0 = Debug|Any CPU
		{75D63C03-3583-4C8C-B8FE-EC73075AA2F5}.Release|Any CPU.ActiveCfg = Release|Any CPU
		{75D63C03-3583-4C8C-B8FE-EC73075AA2F5}.Release|Any CPU.Build.0 = Release|Any CPU
		{7DA08BB8-EB5B-402F-919F-314B1D11AAA7}.Debug|Any CPU.ActiveCfg = Debug|Any CPU
		{7DA08BB8-EB5B-402F-919F-314B1D11AAA7}.Debug|Any CPU.Build.0 = Debug|Any CPU
		{7DA08BB8-EB5B-402F-919F-314B1D11AAA7}.Release|Any CPU.ActiveCfg = Release|Any CPU
		{7DA08BB8-EB5B-402F-919F-314B1D11AAA7}.Release|Any CPU.Build.0 = Release|Any CPU
	EndGlobalSection
	GlobalSection(SolutionProperties) = preSolution
		HideSolutionNode = FALSE
	EndGlobalSection
	GlobalSection(ExtensibilityGlobals) = postSolution
		SolutionGuid = {EFA4EEA3-F9B1-413A-9634-E7C7A2BC0C83}
	EndGlobalSection
EndGlobal
